
Microsoft Visual Studio Solution File, Format Version 12.00
# Visual Studio 15
VisualStudioVersion = 15.0.28307.1082
MinimumVisualStudioVersion = 10.0.40219.1
Project("{FAE04EC0-301F-11D3-BF4B-00C04F79EFBC}") = "IHM.Android", "IHM\IHM.Android\IHM.Android.csproj", "{BE5A8A0A-5A57-486F-82C2-E51124B94857}"
EndProject
Project("{FAE04EC0-301F-11D3-BF4B-00C04F79EFBC}") = "IHM", "IHM\IHM\IHM.csproj", "{BD2E3759-DFF1-4368-B8ED-6F78F9692D16}"
EndProject
Global
	GlobalSection(SolutionConfigurationPlatforms) = preSolution
		Debug|Any CPU = Debug|Any CPU
		Release|Any CPU = Release|Any CPU
	EndGlobalSection
	GlobalSection(ProjectConfigurationPlatforms) = postSolution
		{BE5A8A0A-5A57-486F-82C2-E51124B94857}.Debug|Any CPU.ActiveCfg = Debug|Any CPU
		{BE5A8A0A-5A57-486F-82C2-E51124B94857}.Debug|Any CPU.Build.0 = Debug|Any CPU
		{BE5A8A0A-5A57-486F-82C2-E51124B94857}.Debug|Any CPU.Deploy.0 = Debug|Any CPU
		{BE5A8A0A-5A57-486F-82C2-E51124B94857}.Release|Any CPU.ActiveCfg = Release|Any CPU
		{BE5A8A0A-5A57-486F-82C2-E51124B94857}.Release|Any CPU.Build.0 = Release|Any CPU
		{BE5A8A0A-5A57-486F-82C2-E51124B94857}.Release|Any CPU.Deploy.0 = Release|Any CPU
		{BD2E3759-DFF1-4368-B8ED-6F78F9692D16}.Debug|Any CPU.ActiveCfg = Debug|Any CPU
		{BD2E3759-DFF1-4368-B8ED-6F78F9692D16}.Debug|Any CPU.Build.0 = Debug|Any CPU
		{BD2E3759-DFF1-4368-B8ED-6F78F9692D16}.Debug|Any CPU.Deploy.0 = Debug|Any CPU
		{BD2E3759-DFF1-4368-B8ED-6F78F9692D16}.Release|Any CPU.ActiveCfg = Release|Any CPU
		{BD2E3759-DFF1-4368-B8ED-6F78F9692D16}.Release|Any CPU.Build.0 = Release|Any CPU
		{BD2E3759-DFF1-4368-B8ED-6F78F9692D16}.Release|Any CPU.Deploy.0 = Release|Any CPU
	EndGlobalSection
	GlobalSection(SolutionProperties) = preSolution
		HideSolutionNode = FALSE
	EndGlobalSection
	GlobalSection(ExtensibilityGlobals) = postSolution
		SolutionGuid = {CF8CDD97-D9E3-45B2-B1E0-8B416E6D7148}
	EndGlobalSection
EndGlobal
