<?xml version="1.0" encoding="utf-8"?>
<Project ToolsVersion="4.0" xmlns="http://schemas.microsoft.com/developer/msbuild/2003">
  <ItemGroup>
    <ClCompile Include="protocomm.Android.cpp" />
    <ClCompile Include="..\..\..\..\libcomm\devices\device_usbdev.c" />
    <ClCompile Include="..\..\..\..\libcomm\devices\device_libusb.c" />
    <ClCompile Include="..\..\..\..\libcomm\devices\device_proxy.c" />
  </ItemGroup>
  <ItemGroup>
    <ClInclude Include="pch.h" />
    <ClInclude Include="..\..\..\..\libcomm\devices\device_usbdev.h" />
    <ClInclude Include="..\..\..\..\libcomm\devices\device_libusb.h" />
    <ClInclude Include="..\..\..\..\libcomm\devices\device_proxy.h" />
  </ItemGroup>
</Project>