
Microsoft Visual Studio Solution File, Format Version 12.00
# Visual Studio 15
VisualStudioVersion = 15.0.28307.1300
MinimumVisualStudioVersion = 10.0.40219.1
Project("{8BC9CEB8-8B4A-11D0-8D11-00A0C91BC942}") = "msvc2017", "msvc2017.vcxproj", "{26718EE9-FB18-45BF-9D0B-7027F84FF350}"
EndProject
Global
	GlobalSection(SolutionConfigurationPlatforms) = preSolution
		Debug|ARM = Debug|ARM
		Debug|ARM64 = Debug|ARM64
		Debug|x64 = Debug|x64
		Debug|x86 = Debug|x86
		Release|ARM = Release|ARM
		Release|ARM64 = Release|ARM64
		Release|x64 = Release|x64
		Release|x86 = Release|x86
	EndGlobalSection
	GlobalSection(ProjectConfigurationPlatforms) = postSolution
		{26718EE9-FB18-45BF-9D0B-7027F84FF350}.Debug|ARM.ActiveCfg = Debug|ARM
		{26718EE9-FB18-45BF-9D0B-7027F84FF350}.Debug|ARM.Build.0 = Debug|ARM
		{26718EE9-FB18-45BF-9D0B-7027F84FF350}.Debug|ARM64.ActiveCfg = Debug|ARM64
		{26718EE9-FB18-45BF-9D0B-7027F84FF350}.Debug|ARM64.Build.0 = Debug|ARM64
		{26718EE9-FB18-45BF-9D0B-7027F84FF350}.Debug|x64.ActiveCfg = Debug|x64
		{26718EE9-FB18-45BF-9D0B-7027F84FF350}.Debug|x64.Build.0 = Debug|x64
		{26718EE9-FB18-45BF-9D0B-7027F84FF350}.Debug|x86.ActiveCfg = Debug|x86
		{26718EE9-FB18-45BF-9D0B-7027F84FF350}.Debug|x86.Build.0 = Debug|x86
		{26718EE9-FB18-45BF-9D0B-7027F84FF350}.Release|ARM.ActiveCfg = Release|ARM
		{26718EE9-FB18-45BF-9D0B-7027F84FF350}.Release|ARM.Build.0 = Release|ARM
		{26718EE9-FB18-45BF-9D0B-7027F84FF350}.Release|ARM64.ActiveCfg = Release|ARM64
		{26718EE9-FB18-45BF-9D0B-7027F84FF350}.Release|ARM64.Build.0 = Release|ARM64
		{26718EE9-FB18-45BF-9D0B-7027F84FF350}.Release|x64.ActiveCfg = Release|x64
		{26718EE9-FB18-45BF-9D0B-7027F84FF350}.Release|x64.Build.0 = Release|x64
		{26718EE9-FB18-45BF-9D0B-7027F84FF350}.Release|x86.ActiveCfg = Release|x86
		{26718EE9-FB18-45BF-9D0B-7027F84FF350}.Release|x86.Build.0 = Release|x86
	EndGlobalSection
	GlobalSection(SolutionProperties) = preSolution
		HideSolutionNode = FALSE
	EndGlobalSection
	GlobalSection(ExtensibilityGlobals) = postSolution
		SolutionGuid = {63EAA886-99FD-4345-B322-8CB82B22B16C}
	EndGlobalSection
EndGlobal
